version = 1
revision = 3
requires-python = ">=3.10"

[manifest]
requirements = [{ name = "pydicom", specifier = "==3.0.2" }]

[[package]]
name = "pydicom"
version = "3.0.2"
source = { registry = "https://mirrors.tuna.tsinghua.edu.cn/pypi/web/simple" }
sdist = { url = "https://mirrors.tuna.tsinghua.edu.cn/pypi/web/packages/7a/de/52aaf905f1f0ae7aba85996e2592ea2c1fe49157f3cfbcd1871965bdb51d/pydicom-3.0.2.tar.gz", hash = "sha256:5942bfc2d72c6fa4b3b5b62c527f54b7f2355f21d6f5d296df6bb30188df6a4f", size = 2886792, upload-time = "2026-03-19T21:46:20.935Z" }
wheels = [
    { url = "https://mirrors.tuna.tsinghua.edu.cn/pypi/web/packages/46/e0/60466c6d712dad2cf807df315e39863e91609ffd1064ecb835994460bbda/pydicom-3.0.2-py3-none-any.whl", hash = "sha256:abf971a5440f84dbaf42c4b6758e30e62480902584f8b270b9a5d146e278a07b", size = 2376822, upload-time = "2026-03-19T21:46:19.042Z" },
]
