version = 1
revision = 3
requires-python = ">=3.10"

[manifest]
requirements = [{ name = "pysam", specifier = "==0.24.0" }]

[[package]]
name = "pysam"
version = "0.24.0"
source = { registry = "https://mirrors.tuna.tsinghua.edu.cn/pypi/web/simple" }
sdist = { url = "https://mirrors.tuna.tsinghua.edu.cn/pypi/web/packages/09/9b/e856ad525ed0847810cca936ee551b8e0a709525fea34e0e0e723173f62d/pysam-0.24.0.tar.gz", hash = "sha256:db0f86c15532ef5dad263748324f45d9a639668e3497d8cabce54ef47a1a78d9", size = 5201690, upload-time = "2026-04-27T12:26:50.879Z" }
wheels = [
    { url = "https://mirrors.tuna.tsinghua.edu.cn/pypi/web/packages/25/ed/5b642a89de9a4cf5ce21f70b4c2c2cd10720ef12cb6ef60b005ecf9dcb08/pysam-0.24.0-cp310-cp310-macosx_10_9_x86_64.whl", hash = "sha256:d06a94e2886cb8affba77bc4fe337513f29387113d708d14609765aa8bb143d3", size = 6217780, upload-time = "2026-04-27T12:25:00.598Z" },
    { url = "https://mirrors.tuna.tsinghua.edu.cn/pypi/web/packages/c1/39/2c9aea082383c8d41d0d8b8f9907dc6273f8cee47a8c83d0c8bad02488b4/pysam-0.24.0-cp310-cp310-macosx_11_0_arm64.whl", hash = "sha256:4d3260795e066f659ea94e6b7cac07727ef2877b874f69029b6a2e48551d72bd", size = 5946970, upload-time = "2026-04-27T12:25:02.783Z" },
    { url = "https://mirrors.tuna.tsinghua.edu.cn/pypi/web/packages/12/0b/d9c1155257f2c2d0d8a33d15011964bf0c9ad927f85fa57f00965b0c1cfc/pysam-0.24.0-cp310-cp310-manylinux_2_27_aarch64.manylinux_2_28_aarch64.whl", hash = "sha256:9b299f6128601356e25ca94040eef9dadb1e196aa2f36736c93948aaa821c4bc", size = 22114024, upload-time = "2026-04-27T12:25:04.779Z" },
    { url = "https://mirrors.tuna.tsinghua.edu.cn/pypi/web/packages/21/48/92dddc8df65b576c9d30752650c89301b5222d4ac10187724796cedfd723/pysam-0.24.0-cp310-cp310-manylinux_2_27_x86_64.manylinux_2_28_x86_64.whl", hash = "sha256:98a40440b16bbf67b696914a10acc241a0cd0fa02dcb14aee8e614eb2c5d8b37", size = 22675883, upload-time = "2026-04-27T12:25:07.582Z" },
    { url = "https://mirrors.tuna.tsinghua.edu.cn/pypi/web/packages/07/ff/eee9caac42c255150cc7eae19afa71bd2bb8347fd9895196f7daae2ccd62/pysam-0.24.0-cp310-cp310-musllinux_1_2_aarch64.whl", hash = "sha256:8e4f5f1ebf3bdcad4c3b8f3a656ec2afdc44f0efc96ce8523858556e95d8ca9a", size = 22056750, upload-time = "2026-04-27T12:25:10.127Z" },
    { url = "https://mirrors.tuna.tsinghua.edu.cn/pypi/web/packages/d7/7f/da483a98b11690f3c4b24f4aa12b7e0d0d1e19da8b8ab45785c129240eae/pysam-0.24.0-cp310-cp310-musllinux_1_2_x86_64.whl", hash = "sha256:fcce1edc48a9d8610958296c0aaf3e28723d143113bcd9b7c13b5cd821300d2a", size = 22364034, upload-time = "2026-04-27T12:25:12.709Z" },
    { url = "https://mirrors.tuna.tsinghua.edu.cn/pypi/web/packages/68/b3/1d586b4db6ff7220ac1df4b9588fae7c2622680ca51d53aa7cf32ee73604/pysam-0.24.0-cp311-cp311-macosx_10_9_x86_64.whl", hash = "sha256:48524b2132158ffeca7ca21c52490e92dca6687446faad95522db2354e376641", size = 8711987, upload-time = "2026-04-27T12:25:15.415Z" },
    { url = "https://mirrors.tuna.tsinghua.edu.cn/pypi/web/packages/6d/29/5fe6f53416cfc17cbe1440f5f55b655e5dcb64b67e18cae9b0a38366db0b/pysam-0.24.0-cp311-cp311-macosx_11_0_arm64.whl", hash = "sha256:58e347406cec254bd68ac0f50da1e772273c3c891f65eab4b54641f2a89e8644", size = 8441919, upload-time = "2026-04-27T12:25:17.984Z" },
    { url = "https://mirrors.tuna.tsinghua.edu.cn/pypi/web/packages/1a/75/69379edfcd26c88f749e29b5d3aee9044fbd201c1a678371e7ccd9010937/pysam-0.24.0-cp311-cp311-manylinux_2_27_aarch64.manylinux_2_28_aarch64.whl", hash = "sha256:ed1f202fe27f2bd677b3d210616890a8cbf043043ea89404ada3c121a5e9a20e", size = 25122944, upload-time = "2026-04-27T12:25:20.982Z" },
    { url = "https://mirrors.tuna.tsinghua.edu.cn/pypi/web/packages/13/6d/2e2a80cda66b152ec143ceb1784e56d8abc6abeeeb65f8ef6aa52c731038/pysam-0.24.0-cp311-cp311-manylinux_2_27_x86_64.manylinux_2_28_x86_64.whl", hash = "sha256:8de0b19109da0c4aa8e44c6fef2fae97f0e616f3cdf5be0f1b74f7946b8de262", size = 25697041, upload-time = "2026-04-27T12:25:24.566Z" },
    { url = "https://mirrors.tuna.tsinghua.edu.cn/pypi/web/packages/91/70/852f6917e9d7592482db2c43ccd91fa57158cf20ba07c31e9a477af84b9d/pysam-0.24.0-cp311-cp311-musllinux_1_2_aarch64.whl", hash = "sha256:d528fc09a44c85b7d4018ba8be543e1cc2e7a4d06eeb779a28ac34947e182f5a", size = 25069351, upload-time = "2026-04-27T12:25:27.617Z" },
    { url = "https://mirrors.tuna.tsinghua.edu.cn/pypi/web/packages/b0/6b/0596765a59253958488fc7a8816df347d815ac3850a7a9cab785c1b1e184/pysam-0.24.0-cp311-cp311-musllinux_1_2_x86_64.whl", hash = "sha256:1e9f20388c80dd0e4c09dfd7fe38adc9fdf771ec665e071e1b7350dc8da2d692", size = 25378507, upload-time = "2026-04-27T12:25:30.504Z" },
    { url = "https://mirrors.tuna.tsinghua.edu.cn/pypi/web/packages/14/27/cc422d11961a00bd04aa9a8d9a63683a1083fe2e6a491c285a94998d6751/pysam-0.24.0-cp312-cp312-macosx_10_13_x86_64.whl", hash = "sha256:38d5cc5dff4bdaceabbb58c0700c41b132aacf783432b1d16060b46ac7d866e2", size = 6194145, upload-time = "2026-04-27T12:25:33.467Z" },
    { url = "https://mirrors.tuna.tsinghua.edu.cn/pypi/web/packages/98/c1/37f2fcccce3f1494147e46ccc04996226defe9ccae8251a9ce61296fa599/pysam-0.24.0-cp312-cp312-macosx_11_0_arm64.whl", hash = "sha256:4da222cf6887b272c09351381efa20bfc96e0a47a944a822785fc5b6bc8b8c9d", size = 5944098, upload-time = "2026-04-27T12:25:35.259Z" },
    { url = "https://mirrors.tuna.tsinghua.edu.cn/pypi/web/packages/da/8a/df2be69f699b0a4360fd35a847636a2230a17dbaa02c98dc34831cdfb810/pysam-0.24.0-cp312-cp312-manylinux_2_27_aarch64.manylinux_2_28_aarch64.whl", hash = "sha256:983cae779c49575de583b29fe3d0d66c18034f9c97ee4481dab7618faadcd44c", size = 22535944, upload-time = "2026-04-27T12:25:38.156Z" },
    { url = "https://mirrors.tuna.tsinghua.edu.cn/pypi/web/packages/55/0f/e7f1ff3a1cabc6c4486a7ee1b0506aedf2f5f8329760ac1f4e8032feef2b/pysam-0.24.0-cp312-cp312-manylinux_2_27_x86_64.manylinux_2_28_x86_64.whl", hash = "sha256:4a642f18649e59817de272173e9c27c031dceaca199809e4f8b338ebfc5d6698", size = 23226776, upload-time = "2026-04-27T12:25:40.966Z" },
    { url = "https://mirrors.tuna.tsinghua.edu.cn/pypi/web/packages/11/34/877f20c2e5416e054036f6521fc6606ced8d2819bfb84979a2632b30db11/pysam-0.24.0-cp312-cp312-musllinux_1_2_aarch64.whl", hash = "sha256:52d2e2328ac5698cbfa34232eb17933c7835b8f61aa69f75522c7ad1ec00f4d1", size = 22390293, upload-time = "2026-04-27T12:25:43.674Z" },
    { url = "https://mirrors.tuna.tsinghua.edu.cn/pypi/web/packages/ac/e0/5ef3228359045ee546cebd7ffa602699d4aaf9bf60dac3511afb8cbfa151/pysam-0.24.0-cp312-cp312-musllinux_1_2_x86_64.whl", hash = "sha256:dc3302c2c0c0f920040d8d38cf66ccac435aebafcccf7edf2018faeaceed39ac", size = 22833439, upload-time = "2026-04-27T12:25:46.177Z" },
    { url = "https://mirrors.tuna.tsinghua.edu.cn/pypi/web/packages/86/79/2f5151ac001d8c74fb047036bfea9e4e897939e6587d3c4d512e46c450b1/pysam-0.24.0-cp313-cp313-macosx_10_13_x86_64.whl", hash = "sha256:c30f746060a8944adaf5004652b4a25b2460a07360fb01be2b6b38f883fae8e7", size = 8681450, upload-time = "2026-04-27T12:25:48.52Z" },
    { url = "https://mirrors.tuna.tsinghua.edu.cn/pypi/web/packages/d1/2c/fd59b47677a1df3efa64172dcd9b99fa7db437de8c663f08120ebd4db835/pysam-0.24.0-cp313-cp313-macosx_11_0_arm64.whl", hash = "sha256:b9445a4c3be5ed4b60202690af3890a444452276372e3abb58564308cc6d5a45", size = 8432205, upload-time = "2026-04-27T12:25:50.579Z" },
    { url = "https://mirrors.tuna.tsinghua.edu.cn/pypi/web/packages/5c/35/95ae2b839668c4fa729243f05a208afaba4a1007e7aaaabf54a409fb6cf8/pysam-0.24.0-cp313-cp313-manylinux_2_27_aarch64.manylinux_2_28_aarch64.whl", hash = "sha256:37f82c603837f708cc46a29bd5819d35dbb061c90609c1088701ed3bfbce2f70", size = 24971702, upload-time = "2026-04-27T12:25:53.378Z" },
    { url = "https://mirrors.tuna.tsinghua.edu.cn/pypi/web/packages/c4/ea/066ce356c5df3c2d42b72801f768d41bf691f58f6d2a90f6334fbed39785/pysam-0.24.0-cp313-cp313-manylinux_2_27_x86_64.manylinux_2_28_x86_64.whl", hash = "sha256:1448b3100f79bd00830c586a256ea21b1f701d937f5ad4318adffdb5b2933478", size = 25644910, upload-time = "2026-04-27T12:25:56.218Z" },
    { url = "https://mirrors.tuna.tsinghua.edu.cn/pypi/web/packages/b2/9f/1249435f8c87c9a90c475f54c0fa1881506112ca2658356a29a8c959990a/pysam-0.24.0-cp313-cp313-musllinux_1_2_aarch64.whl", hash = "sha256:aeba818c56d625de5977119788f6bb1d85280b98d5f1fbab965bd5ba6aeddf7a", size = 24846304, upload-time = "2026-04-27T12:25:58.975Z" },
    { url = "https://mirrors.tuna.tsinghua.edu.cn/pypi/web/packages/27/9a/9b9a261366a96a298080f735a31b031df71831c1cc64d9bff7966a0fbbec/pysam-0.24.0-cp313-cp313-musllinux_1_2_x86_64.whl", hash = "sha256:0cd378640c237a99a10e4658f2bb0ba368eea4463c31955064d35b842e4224a3", size = 25258539, upload-time = "2026-04-27T12:26:02.131Z" },
    { url = "https://mirrors.tuna.tsinghua.edu.cn/pypi/web/packages/9f/38/1940157ce6fcfb85e8658292f6736f3cbdefb51c3d4069ec64236c40b1e1/pysam-0.24.0-cp314-cp314-macosx_10_15_x86_64.whl", hash = "sha256:9591893006458ce834e861dab1603db7047bff0ddf201b354fcd3dbd50ded899", size = 8688741, upload-time = "2026-04-27T12:26:04.864Z" },
    { url = "https://mirrors.tuna.tsinghua.edu.cn/pypi/web/packages/72/65/a4559d4ff4a210d2a26d7ca0712e4e738cbfc963135f86e8ae807ca420eb/pysam-0.24.0-cp314-cp314-macosx_11_0_arm64.whl", hash = "sha256:f6f95d44efb4ee1dcfd18fcd11b26ba00bc1afaba9128a1b56c4c8887208fb07", size = 8445198, upload-time = "2026-04-27T12:26:06.859Z" },
    { url = "https://mirrors.tuna.tsinghua.edu.cn/pypi/web/packages/d3/11/93cb13e523ef57d2224ce41a6fc1842626f2088adf299cbc611528de84c5/pysam-0.24.0-cp314-cp314-manylinux_2_27_aarch64.manylinux_2_28_aarch64.whl", hash = "sha256:1ee1af44c630f5e97d4c1bca708cd42e2f5b036b126bea374c3442c832c6ac43", size = 24961719, upload-time = "2026-04-27T12:26:09.072Z" },
    { url = "https://mirrors.tuna.tsinghua.edu.cn/pypi/web/packages/67/68/23e35297fa8906040f33db2908baf20e7f79a767a150cc6cc068b3135e89/pysam-0.24.0-cp314-cp314-manylinux_2_27_x86_64.manylinux_2_28_x86_64.whl", hash = "sha256:6617456dbafd38216bdbfeccb2ac4cdd9dcca024c6e362076e6bbf32a54ec58d", size = 25538974, upload-time = "2026-04-27T12:26:11.782Z" },
    { url = "https://mirrors.tuna.tsinghua.edu.cn/pypi/web/packages/0f/61/8a4c6af099d7d5e0026bc4cdbf9479efa396ef6a53d814e8e0faaed05f2a/pysam-0.24.0-cp314-cp314-musllinux_1_2_aarch64.whl", hash = "sha256:7572b2c40c449286e22b8ca0c9fa1edaf67c663ac77178af728c4bc9927b7f1f", size = 24853456, upload-time = "2026-04-27T12:26:14.696Z" },
    { url = "https://mirrors.tuna.tsinghua.edu.cn/pypi/web/packages/14/6d/106e39a8ed7f3cce18e819c475d15828f6bb67202410e61b8d0e5c966e2b/pysam-0.24.0-cp314-cp314-musllinux_1_2_x86_64.whl", hash = "sha256:6bb3ba818e1075c849302301b84c674c3994bc53a40a71213a01058ef9ffa284", size = 25179876, upload-time = "2026-04-27T12:26:17.855Z" },
]
